github.com/google/go-cmp v0.7.0 h1:wk8382ETsv4JYUZwIsn6YpYiWiBsYLSJiTsyBybVuN8=
github.com/google/go-cmp v0.7.0/go.mod h1:pXiqmnSA92OHEEa9HXL2W4E7lf9JzCmGVUdgjX3N/iU=
github.com/microsoft/typescript-go v0.0.0-20250827194408-bcb8510f109a h1:CDBRuWqR59hrdJw7R6T+rIvlCzFvc8fZmt+h7BddimA=
github.com/microsoft/typescript-go v0.0.0-20250827194408-bcb8510f109a/go.mod h1:A7HQr1XidFhXZBSB1VVWqMjfrisXlWDPeNwMLxj6mDc=
gotest.tools/v3 v3.5.2 h1:7koQfIKdy+I8UTetycgUqXWSDwpgv193Ka+qRsmBY8Q=
gotest.tools/v3 v3.5.2/go.mod h1:LtdLGcnqToBH83WByAAi/wiwSFCArdFIUV/xxN4pcjA=
