github.com/google/go-cmp v0.7.0 h1:wk8382ETsv4JYUZwIsn6YpYiWiBsYLSJiTsyBybVuN8=
github.com/google/go-cmp v0.7.0/go.mod h1:pXiqmnSA92OHEEa9HXL2W4E7lf9JzCmGVUdgjX3N/iU=
github.com/microsoft/typescript-go v0.0.0-20250327222922-f572432311a4 h1:rYn6BDNcvpqD5R2oFMJIDNsRooj70Us7LfX9CKwvX48=
github.com/microsoft/typescript-go v0.0.0-20250327222922-f572432311a4/go.mod h1:BN6lQ1MGol+uWc1EF+pVE5D3xplOL82yUGZ8SgYD7KY=
gotest.tools/v3 v3.5.2 h1:7koQfIKdy+I8UTetycgUqXWSDwpgv193Ka+qRsmBY8Q=
gotest.tools/v3 v3.5.2/go.mod h1:LtdLGcnqToBH83WByAAi/wiwSFCArdFIUV/xxN4pcjA=
