lockfileVersion: '9.0'

settings:
  autoInstallPeers: true
  excludeLinksFromLockfile: false

importers:

  .: {}

  packages/rslint:
    devDependencies:
      '@types/node':
        specifier: 24.0.14
        version: 24.0.14
      typescript:
        specifier: 5.8.3
        version: 5.8.3

  packages/rslint-test-tools:
    devDependencies:
      '@rslint/core':
        specifier: workspace:*
        version: link:../rslint
      '@types/node':
        specifier: 24.0.14
        version: 24.0.14

  packages/vscode-extension:
    devDependencies:
      '@rslint/core':
        specifier: workspace:*
        version: link:../rslint
      '@types/node':
        specifier: ^20.0.0
        version: 20.19.7
      '@types/vscode':
        specifier: ^1.74.0
        version: 1.102.0
      esbuild:
        specifier: 0.25.7
        version: 0.25.7
      typescript:
        specifier: ^5.0.0
        version: 5.8.3
      vscode-languageclient:
        specifier: ^9.0.1
        version: 9.0.1
      vscode-languageserver:
        specifier: ^9.0.1
        version: 9.0.1
      vscode-languageserver-textdocument:
        specifier: ^1.0.12
        version: 1.0.12

packages:

  '@esbuild/aix-ppc64@0.25.7':
    resolution: {integrity: sha512-uD0kKFHh6ETr8TqEtaAcV+dn/2qnYbH/+8wGEdY70Qf7l1l/jmBUbrmQqwiPKAQE6cOQ7dTj6Xr0HzQDGHyceQ==}
    engines: {node: '>=18'}
    cpu: [ppc64]
    os: [aix]

  '@esbuild/android-arm64@0.25.7':
    resolution: {integrity: sha512-p0ohDnwyIbAtztHTNUTzN5EGD/HJLs1bwysrOPgSdlIA6NDnReoVfoCyxG6W1d85jr2X80Uq5KHftyYgaK9LPQ==}
    engines: {node: '>=18'}
    cpu: [arm64]
    os: [android]

  '@esbuild/android-arm@0.25.7':
    resolution: {integrity: sha512-Jhuet0g1k9rAJHrXGIh7sFknFuT4sfytYZpZpuZl7YKDhnPByVAm5oy2LEBmMbuYf3ejWVYCc2seX81Mk+madA==}
    engines: {node: '>=18'}
    cpu: [arm]
    os: [android]

  '@esbuild/android-x64@0.25.7':
    resolution: {integrity: sha512-mMxIJFlSgVK23HSsII3ZX9T2xKrBCDGyk0qiZnIW10LLFFtZLkFD6imZHu7gUo2wkNZwS9Yj3mOtZD3ZPcjCcw==}
    engines: {node: '>=18'}
    cpu: [x64]
    os: [android]

  '@esbuild/darwin-arm64@0.25.7':
    resolution: {integrity: sha512-jyOFLGP2WwRwxM8F1VpP6gcdIJc8jq2CUrURbbTouJoRO7XCkU8GdnTDFIHdcifVBT45cJlOYsZ1kSlfbKjYUQ==}
    engines: {node: '>=18'}
    cpu: [arm64]
    os: [darwin]

  '@esbuild/darwin-x64@0.25.7':
    resolution: {integrity: sha512-m9bVWqZCwQ1BthruifvG64hG03zzz9gE2r/vYAhztBna1/+qXiHyP9WgnyZqHgGeXoimJPhAmxfbeU+nMng6ZA==}
    engines: {node: '>=18'}
    cpu: [x64]
    os: [darwin]

  '@esbuild/freebsd-arm64@0.25.7':
    resolution: {integrity: sha512-Bss7P4r6uhr3kDzRjPNEnTm/oIBdTPRNQuwaEFWT/uvt6A1YzK/yn5kcx5ZxZ9swOga7LqeYlu7bDIpDoS01bA==}
    engines: {node: '>=18'}
    cpu: [arm64]
    os: [freebsd]

  '@esbuild/freebsd-x64@0.25.7':
    resolution: {integrity: sha512-S3BFyjW81LXG7Vqmr37ddbThrm3A84yE7ey/ERBlK9dIiaWgrjRlre3pbG7txh1Uaxz8N7wGGQXmC9zV+LIpBQ==}
    engines: {node: '>=18'}
    cpu: [x64]
    os: [freebsd]

  '@esbuild/linux-arm64@0.25.7':
    resolution: {integrity: sha512-HfQZQqrNOfS1Okn7PcsGUqHymL1cWGBslf78dGvtrj8q7cN3FkapFgNA4l/a5lXDwr7BqP2BSO6mz9UremNPbg==}
    engines: {node: '>=18'}
    cpu: [arm64]
    os: [linux]

  '@esbuild/linux-arm@0.25.7':
    resolution: {integrity: sha512-JZMIci/1m5vfQuhKoFXogCKVYVfYQmoZJg8vSIMR4TUXbF+0aNlfXH3DGFEFMElT8hOTUF5hisdZhnrZO/bkDw==}
    engines: {node: '>=18'}
    cpu: [arm]
    os: [linux]

  '@esbuild/linux-ia32@0.25.7':
    resolution: {integrity: sha512-9Jex4uVpdeofiDxnwHRgen+j6398JlX4/6SCbbEFEXN7oMO2p0ueLN+e+9DdsdPLUdqns607HmzEFnxwr7+5wQ==}
    engines: {node: '>=18'}
    cpu: [ia32]
    os: [linux]

  '@esbuild/linux-loong64@0.25.7':
    resolution: {integrity: sha512-TG1KJqjBlN9IHQjKVUYDB0/mUGgokfhhatlay8aZ/MSORMubEvj/J1CL8YGY4EBcln4z7rKFbsH+HeAv0d471w==}
    engines: {node: '>=18'}
    cpu: [loong64]
    os: [linux]

  '@esbuild/linux-mips64el@0.25.7':
    resolution: {integrity: sha512-Ty9Hj/lx7ikTnhOfaP7ipEm/ICcBv94i/6/WDg0OZ3BPBHhChsUbQancoWYSO0WNkEiSW5Do4febTTy4x1qYQQ==}
    engines: {node: '>=18'}
    cpu: [mips64el]
    os: [linux]

  '@esbuild/linux-ppc64@0.25.7':
    resolution: {integrity: sha512-MrOjirGQWGReJl3BNQ58BLhUBPpWABnKrnq8Q/vZWWwAB1wuLXOIxS2JQ1LT3+5T+3jfPh0tyf5CpbyQHqnWIQ==}
    engines: {node: '>=18'}
    cpu: [ppc64]
    os: [linux]

  '@esbuild/linux-riscv64@0.25.7':
    resolution: {integrity: sha512-9pr23/pqzyqIZEZmQXnFyqp3vpa+KBk5TotfkzGMqpw089PGm0AIowkUppHB9derQzqniGn3wVXgck19+oqiOw==}
    engines: {node: '>=18'}
    cpu: [riscv64]
    os: [linux]

  '@esbuild/linux-s390x@0.25.7':
    resolution: {integrity: sha512-4dP11UVGh9O6Y47m8YvW8eoA3r8qL2toVZUbBKyGta8j6zdw1cn9F/Rt59/Mhv0OgY68pHIMjGXWOUaykCnx+w==}
    engines: {node: '>=18'}
    cpu: [s390x]
    os: [linux]

  '@esbuild/linux-x64@0.25.7':
    resolution: {integrity: sha512-ghJMAJTdw/0uhz7e7YnpdX1xVn7VqA0GrWrAO2qKMuqbvgHT2VZiBv1BQ//VcHsPir4wsL3P2oPggfKPzTKoCA==}
    engines: {node: '>=18'}
    cpu: [x64]
    os: [linux]

  '@esbuild/netbsd-arm64@0.25.7':
    resolution: {integrity: sha512-bwXGEU4ua45+u5Ci/a55B85KWaDSRS8NPOHtxy2e3etDjbz23wlry37Ffzapz69JAGGc4089TBo+dGzydQmydg==}
    engines: {node: '>=18'}
    cpu: [arm64]
    os: [netbsd]

  '@esbuild/netbsd-x64@0.25.7':
    resolution: {integrity: sha512-tUZRvLtgLE5OyN46sPSYlgmHoBS5bx2URSrgZdW1L1teWPYVmXh+QN/sKDqkzBo/IHGcKcHLKDhBeVVkO7teEA==}
    engines: {node: '>=18'}
    cpu: [x64]
    os: [netbsd]

  '@esbuild/openbsd-arm64@0.25.7':
    resolution: {integrity: sha512-bTJ50aoC+WDlDGBReWYiObpYvQfMjBNlKztqoNUL0iUkYtwLkBQQeEsTq/I1KyjsKA5tyov6VZaPb8UdD6ci6Q==}
    engines: {node: '>=18'}
    cpu: [arm64]
    os: [openbsd]

  '@esbuild/openbsd-x64@0.25.7':
    resolution: {integrity: sha512-TA9XfJrgzAipFUU895jd9j2SyDh9bbNkK2I0gHcvqb/o84UeQkBpi/XmYX3cO1q/9hZokdcDqQxIi6uLVrikxg==}
    engines: {node: '>=18'}
    cpu: [x64]
    os: [openbsd]

  '@esbuild/openharmony-arm64@0.25.7':
    resolution: {integrity: sha512-5VTtExUrWwHHEUZ/N+rPlHDwVFQ5aME7vRJES8+iQ0xC/bMYckfJ0l2n3yGIfRoXcK/wq4oXSItZAz5wslTKGw==}
    engines: {node: '>=18'}
    cpu: [arm64]
    os: [openharmony]

  '@esbuild/sunos-x64@0.25.7':
    resolution: {integrity: sha512-umkbn7KTxsexhv2vuuJmj9kggd4AEtL32KodkJgfhNOHMPtQ55RexsaSrMb+0+jp9XL4I4o2y91PZauVN4cH3A==}
    engines: {node: '>=18'}
    cpu: [x64]
    os: [sunos]

  '@esbuild/win32-arm64@0.25.7':
    resolution: {integrity: sha512-j20JQGP/gz8QDgzl5No5Gr4F6hurAZvtkFxAKhiv2X49yi/ih8ECK4Y35YnjlMogSKJk931iNMcd35BtZ4ghfw==}
    engines: {node: '>=18'}
    cpu: [arm64]
    os: [win32]

  '@esbuild/win32-ia32@0.25.7':
    resolution: {integrity: sha512-4qZ6NUfoiiKZfLAXRsvFkA0hoWVM+1y2bSHXHkpdLAs/+r0LgwqYohmfZCi985c6JWHhiXP30mgZawn/XrqAkQ==}
    engines: {node: '>=18'}
    cpu: [ia32]
    os: [win32]

  '@esbuild/win32-x64@0.25.7':
    resolution: {integrity: sha512-FaPsAHTwm+1Gfvn37Eg3E5HIpfR3i6x1AIcla/MkqAIupD4BW3MrSeUqfoTzwwJhk3WE2/KqUn4/eenEJC76VA==}
    engines: {node: '>=18'}
    cpu: [x64]
    os: [win32]

  '@types/node@20.19.7':
    resolution: {integrity: sha512-1GM9z6BJOv86qkPvzh2i6VW5+VVrXxCLknfmTkWEqz+6DqosiY28XUWCTmBcJ0ACzKqx/iwdIREfo1fwExIlkA==}

  '@types/node@24.0.14':
    resolution: {integrity: sha512-4zXMWD91vBLGRtHK3YbIoFMia+1nqEz72coM42C5ETjnNCa/heoj7NT1G67iAfOqMmcfhuCZ4uNpyz8EjlAejw==}

  '@types/vscode@1.102.0':
    resolution: {integrity: sha512-V9sFXmcXz03FtYTSUsYsu5K0Q9wH9w9V25slddcxrh5JgORD14LpnOA7ov0L9ALi+6HrTjskLJ/tY5zeRF3TFA==}

  balanced-match@1.0.2:
    resolution: {integrity: sha512-3oSeUO0TMV67hN1AmbXsK4yaqU7tjiHlbxRDZOpH0KW9+CeX4bRAaX0Anxt0tx2MrpRpWwQaPwIlISEJhYU5Pw==}

  brace-expansion@2.0.2:
    resolution: {integrity: sha512-Jt0vHyM+jmUBqojB7E1NIYadt0vI0Qxjxd2TErW94wDz+E2LAm5vKMXXwg6ZZBTHPuUlDgQHKXvjGBdfcF1ZDQ==}

  esbuild@0.25.7:
    resolution: {integrity: sha512-daJB0q2dmTzo90L9NjRaohhRWrCzYxWNFTjEi72/h+p5DcY3yn4MacWfDakHmaBaDzDiuLJsCh0+6LK/iX+c+Q==}
    engines: {node: '>=18'}
    hasBin: true

  minimatch@5.1.6:
    resolution: {integrity: sha512-lKwV/1brpG6mBUFHtb7NUmtABCb2WZZmm2wNiOA5hAb8VdCS4B3dtMWyvcoViccwAW/COERjXLt0zP1zXUN26g==}
    engines: {node: '>=10'}

  semver@7.7.2:
    resolution: {integrity: sha512-RF0Fw+rO5AMf9MAyaRXI4AV0Ulj5lMHqVxxdSgiVbixSCXoEmmX/jk0CuJw4+3SqroYO9VoUh+HcuJivvtJemA==}
    engines: {node: '>=10'}
    hasBin: true

  typescript@5.8.3:
    resolution: {integrity: sha512-p1diW6TqL9L07nNxvRMM7hMMw4c5XOo/1ibL4aAIGmSAt9slTE1Xgw5KWuof2uTOvCg9BY7ZRi+GaF+7sfgPeQ==}
    engines: {node: '>=14.17'}
    hasBin: true

  undici-types@6.21.0:
    resolution: {integrity: sha512-iwDZqg0QAGrg9Rav5H4n0M64c3mkR59cJ6wQp+7C4nI0gsmExaedaYLNO44eT4AtBBwjbTiGPMlt2Md0T9H9JQ==}

  undici-types@7.8.0:
    resolution: {integrity: sha512-9UJ2xGDvQ43tYyVMpuHlsgApydB8ZKfVYTsLDhXkFL/6gfkp+U8xTGdh8pMJv1SpZna0zxG1DwsKZsreLbXBxw==}

  vscode-jsonrpc@8.2.0:
    resolution: {integrity: sha512-C+r0eKJUIfiDIfwJhria30+TYWPtuHJXHtI7J0YlOmKAo7ogxP20T0zxB7HZQIFhIyvoBPwWskjxrvAtfjyZfA==}
    engines: {node: '>=14.0.0'}

  vscode-languageclient@9.0.1:
    resolution: {integrity: sha512-JZiimVdvimEuHh5olxhxkht09m3JzUGwggb5eRUkzzJhZ2KjCN0nh55VfiED9oez9DyF8/fz1g1iBV3h+0Z2EA==}
    engines: {vscode: ^1.82.0}

  vscode-languageserver-protocol@3.17.5:
    resolution: {integrity: sha512-mb1bvRJN8SVznADSGWM9u/b07H7Ecg0I3OgXDuLdn307rl/J3A9YD6/eYOssqhecL27hK1IPZAsaqh00i/Jljg==}

  vscode-languageserver-textdocument@1.0.12:
    resolution: {integrity: sha512-cxWNPesCnQCcMPeenjKKsOCKQZ/L6Tv19DTRIGuLWe32lyzWhihGVJ/rcckZXJxfdKCFvRLS3fpBIsV/ZGX4zA==}

  vscode-languageserver-types@3.17.5:
    resolution: {integrity: sha512-Ld1VelNuX9pdF39h2Hgaeb5hEZM2Z3jUrrMgWQAu82jMtZp7p3vJT3BzToKtZI7NgQssZje5o0zryOrhQvzQAg==}

  vscode-languageserver@9.0.1:
    resolution: {integrity: sha512-woByF3PDpkHFUreUa7Hos7+pUWdeWMXRd26+ZX2A8cFx6v/JPTtd4/uN0/jB6XQHYaOlHbio03NTHCqrgG5n7g==}
    hasBin: true

snapshots:

  '@esbuild/aix-ppc64@0.25.7':
    optional: true

  '@esbuild/android-arm64@0.25.7':
    optional: true

  '@esbuild/android-arm@0.25.7':
    optional: true

  '@esbuild/android-x64@0.25.7':
    optional: true

  '@esbuild/darwin-arm64@0.25.7':
    optional: true

  '@esbuild/darwin-x64@0.25.7':
    optional: true

  '@esbuild/freebsd-arm64@0.25.7':
    optional: true

  '@esbuild/freebsd-x64@0.25.7':
    optional: true

  '@esbuild/linux-arm64@0.25.7':
    optional: true

  '@esbuild/linux-arm@0.25.7':
    optional: true

  '@esbuild/linux-ia32@0.25.7':
    optional: true

  '@esbuild/linux-loong64@0.25.7':
    optional: true

  '@esbuild/linux-mips64el@0.25.7':
    optional: true

  '@esbuild/linux-ppc64@0.25.7':
    optional: true

  '@esbuild/linux-riscv64@0.25.7':
    optional: true

  '@esbuild/linux-s390x@0.25.7':
    optional: true

  '@esbuild/linux-x64@0.25.7':
    optional: true

  '@esbuild/netbsd-arm64@0.25.7':
    optional: true

  '@esbuild/netbsd-x64@0.25.7':
    optional: true

  '@esbuild/openbsd-arm64@0.25.7':
    optional: true

  '@esbuild/openbsd-x64@0.25.7':
    optional: true

  '@esbuild/openharmony-arm64@0.25.7':
    optional: true

  '@esbuild/sunos-x64@0.25.7':
    optional: true

  '@esbuild/win32-arm64@0.25.7':
    optional: true

  '@esbuild/win32-ia32@0.25.7':
    optional: true

  '@esbuild/win32-x64@0.25.7':
    optional: true

  '@types/node@20.19.7':
    dependencies:
      undici-types: 6.21.0

  '@types/node@24.0.14':
    dependencies:
      undici-types: 7.8.0

  '@types/vscode@1.102.0': {}

  balanced-match@1.0.2: {}

  brace-expansion@2.0.2:
    dependencies:
      balanced-match: 1.0.2

  esbuild@0.25.7:
    optionalDependencies:
      '@esbuild/aix-ppc64': 0.25.7
      '@esbuild/android-arm': 0.25.7
      '@esbuild/android-arm64': 0.25.7
      '@esbuild/android-x64': 0.25.7
      '@esbuild/darwin-arm64': 0.25.7
      '@esbuild/darwin-x64': 0.25.7
      '@esbuild/freebsd-arm64': 0.25.7
      '@esbuild/freebsd-x64': 0.25.7
      '@esbuild/linux-arm': 0.25.7
      '@esbuild/linux-arm64': 0.25.7
      '@esbuild/linux-ia32': 0.25.7
      '@esbuild/linux-loong64': 0.25.7
      '@esbuild/linux-mips64el': 0.25.7
      '@esbuild/linux-ppc64': 0.25.7
      '@esbuild/linux-riscv64': 0.25.7
      '@esbuild/linux-s390x': 0.25.7
      '@esbuild/linux-x64': 0.25.7
      '@esbuild/netbsd-arm64': 0.25.7
      '@esbuild/netbsd-x64': 0.25.7
      '@esbuild/openbsd-arm64': 0.25.7
      '@esbuild/openbsd-x64': 0.25.7
      '@esbuild/openharmony-arm64': 0.25.7
      '@esbuild/sunos-x64': 0.25.7
      '@esbuild/win32-arm64': 0.25.7
      '@esbuild/win32-ia32': 0.25.7
      '@esbuild/win32-x64': 0.25.7

  minimatch@5.1.6:
    dependencies:
      brace-expansion: 2.0.2

  semver@7.7.2: {}

  typescript@5.8.3: {}

  undici-types@6.21.0: {}

  undici-types@7.8.0: {}

  vscode-jsonrpc@8.2.0: {}

  vscode-languageclient@9.0.1:
    dependencies:
      minimatch: 5.1.6
      semver: 7.7.2
      vscode-languageserver-protocol: 3.17.5

  vscode-languageserver-protocol@3.17.5:
    dependencies:
      vscode-jsonrpc: 8.2.0
      vscode-languageserver-types: 3.17.5

  vscode-languageserver-textdocument@1.0.12: {}

  vscode-languageserver-types@3.17.5: {}

  vscode-languageserver@9.0.1:
    dependencies:
      vscode-languageserver-protocol: 3.17.5
