github.com/go-json-experiment/json v0.0.0-20260520185125-572e7c383686 h1:NZBJxCpbHS1gzS6xAmyxbJznosZIIPk9IB42v62UvKA=
github.com/go-json-experiment/json v0.0.0-20260520185125-572e7c383686/go.mod h1:tphK2c80bpPhMOI4v6bIc2xWywPfbqi1Z06+RcrMkDg=
github.com/microsoft/typescript-go v0.0.0-20260607205414-254e9a5331fe h1:ZHFA9nc1kkMcpXey/sivohUoqjOpMXygTrJyGS75Cd0=
github.com/microsoft/typescript-go v0.0.0-20260607205414-254e9a5331fe/go.mod h1:pwW0oaaaUr5x/yidoC+Lbr1R6GNrs7mDk60QDOzyPKk=
